
Microsoft Visual Studio Solution File, Format Version 12.00
# Visual Studio Version 16
VisualStudioVersion = 16.0.28803.156
MinimumVisualStudioVersion = 10.0.40219.1
Project("{9A19103F-16F7-4668-BE54-9A1E7A4F7556}") = "Shop.Common", "Shop.Common\Shop.Common.csproj", "{331F1DB4-43CA-4794-AC4D-5DA4A79D685A}"
EndProject
Project("{2150E333-8FDC-42A3-9474-1A3956D46DE8}") = "Backend", "Backend", "{96BD8960-CD92-4E07-AEFA-7DE60D16E32D}"
EndProject
Project("{2150E333-8FDC-42A3-9474-1A3956D46DE8}") = "FrontEnd", "FrontEnd", "{BF1495C2-112C-4E56-A75B-6138DAEC6FB0}"
EndProject
Project("{9A19103F-16F7-4668-BE54-9A1E7A4F7556}") = "Shop.Web", "Shop.Web\Shop.Web.csproj", "{C16D3433-3A22-40AB-ABFD-97AED92A4B35}"
EndProject
Project("{2150E333-8FDC-42A3-9474-1A3956D46DE8}") = "Forms", "Forms", "{E3B00255-C023-4829-9C67-36BDB62F1558}"
EndProject
Project("{2150E333-8FDC-42A3-9474-1A3956D46DE8}") = "Classic", "Classic", "{8C92A2C6-3E68-4B6A-907D-1DB31B3712F9}"
EndProject
Project("{FAE04EC0-301F-11D3-BF4B-00C04F79EFBC}") = "Shop.UIForms.Android", "Shop.UIForms\Shop.UIForms.Android\Shop.UIForms.Android.csproj", "{5FC61998-DD67-4BC7-A761-0B007211717F}"
EndProject
Project("{FAE04EC0-301F-11D3-BF4B-00C04F79EFBC}") = "Shop.UIForms.iOS", "Shop.UIForms\Shop.UIForms.iOS\Shop.UIForms.iOS.csproj", "{D1A7C1E3-B75D-4AEE-B1EE-FDA5672C67CF}"
EndProject
Project("{9A19103F-16F7-4668-BE54-9A1E7A4F7556}") = "Shop.UIForms", "Shop.UIForms\Shop.UIForms\Shop.UIForms.csproj", "{63E0EDE1-FCDE-4333-8C3F-8EC3EE69C9EA}"
EndProject
Project("{9A19103F-16F7-4668-BE54-9A1E7A4F7556}") = "Shop.UIClassic", "Shop.UIClassic\Shop.UIClassic.csproj", "{7540BF15-9262-4A44-A66B-BBCE0A8E38F6}"
EndProject
Project("{FAE04EC0-301F-11D3-BF4B-00C04F79EFBC}") = "Shop.UIClassic.Android", "Shop.UIClassic.Android\Shop.UIClassic.Android.csproj", "{8F6FDFCD-68A6-44CA-AC39-AA26CA5D5BBA}"
EndProject
Project("{FAE04EC0-301F-11D3-BF4B-00C04F79EFBC}") = "Shop.UIClassic.iOS", "Shop.UIClassic.iOS\Shop.UIClassic.iOS.csproj", "{6E21B747-3BE1-4042-83FE-D5C55D0CB0CF}"
EndProject
Global
	GlobalSection(SolutionConfigurationPlatforms) = preSolution
		Debug|Any CPU = Debug|Any CPU
		Debug|iPhone = Debug|iPhone
		Debug|iPhoneSimulator = Debug|iPhoneSimulator
		Release|Any CPU = Release|Any CPU
		Release|iPhone = Release|iPhone
		Release|iPhoneSimulator = Release|iPhoneSimulator
	EndGlobalSection
	GlobalSection(ProjectConfigurationPlatforms) = postSolution
		{331F1DB4-43CA-4794-AC4D-5DA4A79D685A}.Debug|Any CPU.ActiveCfg = Debug|Any CPU
		{331F1DB4-43CA-4794-AC4D-5DA4A79D685A}.Debug|Any CPU.Build.0 = Debug|Any CPU
		{331F1DB4-43CA-4794-AC4D-5DA4A79D685A}.Debug|iPhone.ActiveCfg = Debug|Any CPU
		{331F1DB4-43CA-4794-AC4D-5DA4A79D685A}.Debug|iPhone.Build.0 = Debug|Any CPU
		{331F1DB4-43CA-4794-AC4D-5DA4A79D685A}.Debug|iPhoneSimulator.ActiveCfg = Debug|Any CPU
		{331F1DB4-43CA-4794-AC4D-5DA4A79D685A}.Debug|iPhoneSimulator.Build.0 = Debug|Any CPU
		{331F1DB4-43CA-4794-AC4D-5DA4A79D685A}.Release|Any CPU.ActiveCfg = Release|Any CPU
		{331F1DB4-43CA-4794-AC4D-5DA4A79D685A}.Release|Any CPU.Build.0 = Release|Any CPU
		{331F1DB4-43CA-4794-AC4D-5DA4A79D685A}.Release|iPhone.ActiveCfg = Release|Any CPU
		{331F1DB4-43CA-4794-AC4D-5DA4A79D685A}.Release|iPhone.Build.0 = Release|Any CPU
		{331F1DB4-43CA-4794-AC4D-5DA4A79D685A}.Release|iPhoneSimulator.ActiveCfg = Release|Any CPU
		{331F1DB4-43CA-4794-AC4D-5DA4A79D685A}.Release|iPhoneSimulator.Build.0 = Release|Any CPU
		{C16D3433-3A22-40AB-ABFD-97AED92A4B35}.Debug|Any CPU.ActiveCfg = Debug|Any CPU
		{C16D3433-3A22-40AB-ABFD-97AED92A4B35}.Debug|Any CPU.Build.0 = Debug|Any CPU
		{C16D3433-3A22-40AB-ABFD-97AED92A4B35}.Debug|iPhone.ActiveCfg = Debug|Any CPU
		{C16D3433-3A22-40AB-ABFD-97AED92A4B35}.Debug|iPhone.Build.0 = Debug|Any CPU
		{C16D3433-3A22-40AB-ABFD-97AED92A4B35}.Debug|iPhoneSimulator.ActiveCfg = Debug|Any CPU
		{C16D3433-3A22-40AB-ABFD-97AED92A4B35}.Debug|iPhoneSimulator.Build.0 = Debug|Any CPU
		{C16D3433-3A22-40AB-ABFD-97AED92A4B35}.Release|Any CPU.ActiveCfg = Release|Any CPU
		{C16D3433-3A22-40AB-ABFD-97AED92A4B35}.Release|Any CPU.Build.0 = Release|Any CPU
		{C16D3433-3A22-40AB-ABFD-97AED92A4B35}.Release|iPhone.ActiveCfg = Release|Any CPU
		{C16D3433-3A22-40AB-ABFD-97AED92A4B35}.Release|iPhone.Build.0 = Release|Any CPU
		{C16D3433-3A22-40AB-ABFD-97AED92A4B35}.Release|iPhoneSimulator.ActiveCfg = Release|Any CPU
		{C16D3433-3A22-40AB-ABFD-97AED92A4B35}.Release|iPhoneSimulator.Build.0 = Release|Any CPU
		{5FC61998-DD67-4BC7-A761-0B007211717F}.Debug|Any CPU.ActiveCfg = Debug|Any CPU
		{5FC61998-DD67-4BC7-A761-0B007211717F}.Debug|Any CPU.Build.0 = Debug|Any CPU
		{5FC61998-DD67-4BC7-A761-0B007211717F}.Debug|Any CPU.Deploy.0 = Debug|Any CPU
		{5FC61998-DD67-4BC7-A761-0B007211717F}.Debug|iPhone.ActiveCfg = Debug|Any CPU
		{5FC61998-DD67-4BC7-A761-0B007211717F}.Debug|iPhone.Build.0 = Debug|Any CPU
		{5FC61998-DD67-4BC7-A761-0B007211717F}.Debug|iPhone.Deploy.0 = Debug|Any CPU
		{5FC61998-DD67-4BC7-A761-0B007211717F}.Debug|iPhoneSimulator.ActiveCfg = Debug|Any CPU
		{5FC61998-DD67-4BC7-A761-0B007211717F}.Debug|iPhoneSimulator.Build.0 = Debug|Any CPU
		{5FC61998-DD67-4BC7-A761-0B007211717F}.Debug|iPhoneSimulator.Deploy.0 = Debug|Any CPU
		{5FC61998-DD67-4BC7-A761-0B007211717F}.Release|Any CPU.ActiveCfg = Release|Any CPU
		{5FC61998-DD67-4BC7-A761-0B007211717F}.Release|Any CPU.Build.0 = Release|Any CPU
		{5FC61998-DD67-4BC7-A761-0B007211717F}.Release|Any CPU.Deploy.0 = Release|Any CPU
		{5FC61998-DD67-4BC7-A761-0B007211717F}.Release|iPhone.ActiveCfg = Release|Any CPU
		{5FC61998-DD67-4BC7-A761-0B007211717F}.Release|iPhone.Build.0 = Release|Any CPU
		{5FC61998-DD67-4BC7-A761-0B007211717F}.Release|iPhone.Deploy.0 = Release|Any CPU
		{5FC61998-DD67-4BC7-A761-0B007211717F}.Release|iPhoneSimulator.ActiveCfg = Release|Any CPU
		{5FC61998-DD67-4BC7-A761-0B007211717F}.Release|iPhoneSimulator.Build.0 = Release|Any CPU
		{5FC61998-DD67-4BC7-A761-0B007211717F}.Release|iPhoneSimulator.Deploy.0 = Release|Any CPU
		{D1A7C1E3-B75D-4AEE-B1EE-FDA5672C67CF}.Debug|Any CPU.ActiveCfg = Debug|iPhone
		{D1A7C1E3-B75D-4AEE-B1EE-FDA5672C67CF}.Debug|iPhone.ActiveCfg = Debug|iPhone
		{D1A7C1E3-B75D-4AEE-B1EE-FDA5672C67CF}.Debug|iPhone.Build.0 = Debug|iPhone
		{D1A7C1E3-B75D-4AEE-B1EE-FDA5672C67CF}.Debug|iPhoneSimulator.ActiveCfg = Debug|iPhoneSimulator
		{D1A7C1E3-B75D-4AEE-B1EE-FDA5672C67CF}.Debug|iPhoneSimulator.Build.0 = Debug|iPhoneSimulator
		{D1A7C1E3-B75D-4AEE-B1EE-FDA5672C67CF}.Release|Any CPU.ActiveCfg = Release|iPhone
		{D1A7C1E3-B75D-4AEE-B1EE-FDA5672C67CF}.Release|iPhone.ActiveCfg = Release|iPhone
		{D1A7C1E3-B75D-4AEE-B1EE-FDA5672C67CF}.Release|iPhone.Build.0 = Release|iPhone
		{D1A7C1E3-B75D-4AEE-B1EE-FDA5672C67CF}.Release|iPhoneSimulator.ActiveCfg = Release|iPhoneSimulator
		{D1A7C1E3-B75D-4AEE-B1EE-FDA5672C67CF}.Release|iPhoneSimulator.Build.0 = Release|iPhoneSimulator
		{63E0EDE1-FCDE-4333-8C3F-8EC3EE69C9EA}.Debug|Any CPU.ActiveCfg = Debug|Any CPU
		{63E0EDE1-FCDE-4333-8C3F-8EC3EE69C9EA}.Debug|Any CPU.Build.0 = Debug|Any CPU
		{63E0EDE1-FCDE-4333-8C3F-8EC3EE69C9EA}.Debug|iPhone.ActiveCfg = Debug|Any CPU
		{63E0EDE1-FCDE-4333-8C3F-8EC3EE69C9EA}.Debug|iPhone.Build.0 = Debug|Any CPU
		{63E0EDE1-FCDE-4333-8C3F-8EC3EE69C9EA}.Debug|iPhoneSimulator.ActiveCfg = Debug|Any CPU
		{63E0EDE1-FCDE-4333-8C3F-8EC3EE69C9EA}.Debug|iPhoneSimulator.Build.0 = Debug|Any CPU
		{63E0EDE1-FCDE-4333-8C3F-8EC3EE69C9EA}.Release|Any CPU.ActiveCfg = Release|Any CPU
		{63E0EDE1-FCDE-4333-8C3F-8EC3EE69C9EA}.Release|Any CPU.Build.0 = Release|Any CPU
		{63E0EDE1-FCDE-4333-8C3F-8EC3EE69C9EA}.Release|iPhone.ActiveCfg = Release|Any CPU
		{63E0EDE1-FCDE-4333-8C3F-8EC3EE69C9EA}.Release|iPhone.Build.0 = Release|Any CPU
		{63E0EDE1-FCDE-4333-8C3F-8EC3EE69C9EA}.Release|iPhoneSimulator.ActiveCfg = Release|Any CPU
		{63E0EDE1-FCDE-4333-8C3F-8EC3EE69C9EA}.Release|iPhoneSimulator.Build.0 = Release|Any CPU
		{7540BF15-9262-4A44-A66B-BBCE0A8E38F6}.Debug|Any CPU.ActiveCfg = Debug|Any CPU
		{7540BF15-9262-4A44-A66B-BBCE0A8E38F6}.Debug|Any CPU.Build.0 = Debug|Any CPU
		{7540BF15-9262-4A44-A66B-BBCE0A8E38F6}.Debug|iPhone.ActiveCfg = Debug|Any CPU
		{7540BF15-9262-4A44-A66B-BBCE0A8E38F6}.Debug|iPhone.Build.0 = Debug|Any CPU
		{7540BF15-9262-4A44-A66B-BBCE0A8E38F6}.Debug|iPhoneSimulator.ActiveCfg = Debug|Any CPU
		{7540BF15-9262-4A44-A66B-BBCE0A8E38F6}.Debug|iPhoneSimulator.Build.0 = Debug|Any CPU
		{7540BF15-9262-4A44-A66B-BBCE0A8E38F6}.Release|Any CPU.ActiveCfg = Release|Any CPU
		{7540BF15-9262-4A44-A66B-BBCE0A8E38F6}.Release|Any CPU.Build.0 = Release|Any CPU
		{7540BF15-9262-4A44-A66B-BBCE0A8E38F6}.Release|iPhone.ActiveCfg = Release|Any CPU
		{7540BF15-9262-4A44-A66B-BBCE0A8E38F6}.Release|iPhone.Build.0 = Release|Any CPU
		{7540BF15-9262-4A44-A66B-BBCE0A8E38F6}.Release|iPhoneSimulator.ActiveCfg = Release|Any CPU
		{7540BF15-9262-4A44-A66B-BBCE0A8E38F6}.Release|iPhoneSimulator.Build.0 = Release|Any CPU
		{8F6FDFCD-68A6-44CA-AC39-AA26CA5D5BBA}.Debug|Any CPU.ActiveCfg = Debug|Any CPU
		{8F6FDFCD-68A6-44CA-AC39-AA26CA5D5BBA}.Debug|Any CPU.Build.0 = Debug|Any CPU
		{8F6FDFCD-68A6-44CA-AC39-AA26CA5D5BBA}.Debug|Any CPU.Deploy.0 = Debug|Any CPU
		{8F6FDFCD-68A6-44CA-AC39-AA26CA5D5BBA}.Debug|iPhone.ActiveCfg = Debug|Any CPU
		{8F6FDFCD-68A6-44CA-AC39-AA26CA5D5BBA}.Debug|iPhone.Build.0 = Debug|Any CPU
		{8F6FDFCD-68A6-44CA-AC39-AA26CA5D5BBA}.Debug|iPhone.Deploy.0 = Debug|Any CPU
		{8F6FDFCD-68A6-44CA-AC39-AA26CA5D5BBA}.Debug|iPhoneSimulator.ActiveCfg = Debug|Any CPU
		{8F6FDFCD-68A6-44CA-AC39-AA26CA5D5BBA}.Debug|iPhoneSimulator.Build.0 = Debug|Any CPU
		{8F6FDFCD-68A6-44CA-AC39-AA26CA5D5BBA}.Debug|iPhoneSimulator.Deploy.0 = Debug|Any CPU
		{8F6FDFCD-68A6-44CA-AC39-AA26CA5D5BBA}.Release|Any CPU.ActiveCfg = Release|Any CPU
		{8F6FDFCD-68A6-44CA-AC39-AA26CA5D5BBA}.Release|Any CPU.Build.0 = Release|Any CPU
		{8F6FDFCD-68A6-44CA-AC39-AA26CA5D5BBA}.Release|Any CPU.Deploy.0 = Release|Any CPU
		{8F6FDFCD-68A6-44CA-AC39-AA26CA5D5BBA}.Release|iPhone.ActiveCfg = Release|Any CPU
		{8F6FDFCD-68A6-44CA-AC39-AA26CA5D5BBA}.Release|iPhone.Build.0 = Release|Any CPU
		{8F6FDFCD-68A6-44CA-AC39-AA26CA5D5BBA}.Release|iPhone.Deploy.0 = Release|Any CPU
		{8F6FDFCD-68A6-44CA-AC39-AA26CA5D5BBA}.Release|iPhoneSimulator.ActiveCfg = Release|Any CPU
		{8F6FDFCD-68A6-44CA-AC39-AA26CA5D5BBA}.Release|iPhoneSimulator.Build.0 = Release|Any CPU
		{8F6FDFCD-68A6-44CA-AC39-AA26CA5D5BBA}.Release|iPhoneSimulator.Deploy.0 = Release|Any CPU
		{6E21B747-3BE1-4042-83FE-D5C55D0CB0CF}.Debug|Any CPU.ActiveCfg = Debug|iPhone
		{6E21B747-3BE1-4042-83FE-D5C55D0CB0CF}.Debug|iPhone.ActiveCfg = Debug|iPhone
		{6E21B747-3BE1-4042-83FE-D5C55D0CB0CF}.Debug|iPhone.Build.0 = Debug|iPhone
		{6E21B747-3BE1-4042-83FE-D5C55D0CB0CF}.Debug|iPhoneSimulator.ActiveCfg = Debug|iPhoneSimulator
		{6E21B747-3BE1-4042-83FE-D5C55D0CB0CF}.Debug|iPhoneSimulator.Build.0 = Debug|iPhoneSimulator
		{6E21B747-3BE1-4042-83FE-D5C55D0CB0CF}.Release|Any CPU.ActiveCfg = Release|iPhone
		{6E21B747-3BE1-4042-83FE-D5C55D0CB0CF}.Release|iPhone.ActiveCfg = Release|iPhone
		{6E21B747-3BE1-4042-83FE-D5C55D0CB0CF}.Release|iPhone.Build.0 = Release|iPhone
		{6E21B747-3BE1-4042-83FE-D5C55D0CB0CF}.Release|iPhoneSimulator.ActiveCfg = Release|iPhoneSimulator
		{6E21B747-3BE1-4042-83FE-D5C55D0CB0CF}.Release|iPhoneSimulator.Build.0 = Release|iPhoneSimulator
	EndGlobalSection
	GlobalSection(SolutionProperties) = preSolution
		HideSolutionNode = FALSE
	EndGlobalSection
	GlobalSection(NestedProjects) = preSolution
		{C16D3433-3A22-40AB-ABFD-97AED92A4B35} = {96BD8960-CD92-4E07-AEFA-7DE60D16E32D}
		{E3B00255-C023-4829-9C67-36BDB62F1558} = {BF1495C2-112C-4E56-A75B-6138DAEC6FB0}
		{8C92A2C6-3E68-4B6A-907D-1DB31B3712F9} = {BF1495C2-112C-4E56-A75B-6138DAEC6FB0}
		{5FC61998-DD67-4BC7-A761-0B007211717F} = {E3B00255-C023-4829-9C67-36BDB62F1558}
		{D1A7C1E3-B75D-4AEE-B1EE-FDA5672C67CF} = {E3B00255-C023-4829-9C67-36BDB62F1558}
		{63E0EDE1-FCDE-4333-8C3F-8EC3EE69C9EA} = {E3B00255-C023-4829-9C67-36BDB62F1558}
		{7540BF15-9262-4A44-A66B-BBCE0A8E38F6} = {8C92A2C6-3E68-4B6A-907D-1DB31B3712F9}
		{8F6FDFCD-68A6-44CA-AC39-AA26CA5D5BBA} = {8C92A2C6-3E68-4B6A-907D-1DB31B3712F9}
		{6E21B747-3BE1-4042-83FE-D5C55D0CB0CF} = {8C92A2C6-3E68-4B6A-907D-1DB31B3712F9}
	EndGlobalSection
	GlobalSection(ExtensibilityGlobals) = postSolution
		SolutionGuid = {1E04B431-2FE2-4075-8743-5166DC2030D1}
	EndGlobalSection
EndGlobal
