
Microsoft Visual Studio Solution File, Format Version 12.00
# Visual Studio Version 16
VisualStudioVersion = 16.0.28803.156
MinimumVisualStudioVersion = 10.0.40219.1
Project("{2150E333-8FDC-42A3-9474-1A3956D46DE8}") = "Backend", "Backend", "{96BD8960-CD92-4E07-AEFA-7DE60D16E32D}"
EndProject
Project("{2150E333-8FDC-42A3-9474-1A3956D46DE8}") = "FrontEnd", "FrontEnd", "{BF1495C2-112C-4E56-A75B-6138DAEC6FB0}"
EndProject
Project("{2150E333-8FDC-42A3-9474-1A3956D46DE8}") = "Forms", "Forms", "{E3B00255-C023-4829-9C67-36BDB62F1558}"
EndProject
Project("{2150E333-8FDC-42A3-9474-1A3956D46DE8}") = "Classic", "Classic", "{8C92A2C6-3E68-4B6A-907D-1DB31B3712F9}"
EndProject
Global
	GlobalSection(SolutionProperties) = preSolution
		HideSolutionNode = FALSE
	EndGlobalSection
	GlobalSection(NestedProjects) = preSolution
		{E3B00255-C023-4829-9C67-36BDB62F1558} = {BF1495C2-112C-4E56-A75B-6138DAEC6FB0}
		{8C92A2C6-3E68-4B6A-907D-1DB31B3712F9} = {BF1495C2-112C-4E56-A75B-6138DAEC6FB0}
	EndGlobalSection
	GlobalSection(ExtensibilityGlobals) = postSolution
		SolutionGuid = {1E04B431-2FE2-4075-8743-5166DC2030D1}
	EndGlobalSection
EndGlobal
